
Microsoft Visual Studio Solution File, Format Version 12.00
# Visual Studio Version 17
VisualStudioVersion = 17.6.33815.320
MinimumVisualStudioVersion = 10.0.40219.1
Project("{FAE04EC0-301F-11D3-BF4B-00C04F79EFBC}") = "AwesomeXamarin.UWP", "AwesomeXamarin.UWP\AwesomeXamarin.UWP.csproj", "{5488B4F9-1462-4AC9-ACA2-32D4C370459F}"
EndProject
Project("{FAE04EC0-301F-11D3-BF4B-00C04F79EFBC}") = "AwesomeXamarin.Android", "AwesomeXamarin.Android\AwesomeXamarin.Android.csproj", "{49B3DF56-AEA8-44D3-8F02-D60FFD96ED11}"
EndProject
Project("{FAE04EC0-301F-11D3-BF4B-00C04F79EFBC}") = "AwesomeXamarin.iOS", "AwesomeXamarin.iOS\AwesomeXamarin.iOS.csproj", "{CC228FE1-425A-4D46-914F-65F58BBC52A8}"
EndProject
Project("{FAE04EC0-301F-11D3-BF4B-00C04F79EFBC}") = "AwesomeXamarin", "AwesomeXamarin\AwesomeXamarin.csproj", "{F117584E-E851-4B8E-842F-7E28DFA9CAF3}"
EndProject
Global
	GlobalSection(SolutionConfigurationPlatforms) = preSolution
		Debug|Any CPU = Debug|Any CPU
		Debug|ARM = Debug|ARM
		Debug|iPhone = Debug|iPhone
		Debug|iPhoneSimulator = Debug|iPhoneSimulator
		Debug|x64 = Debug|x64
		Debug|x86 = Debug|x86
		Release|Any CPU = Release|Any CPU
		Release|ARM = Release|ARM
		Release|iPhone = Release|iPhone
		Release|iPhoneSimulator = Release|iPhoneSimulator
		Release|x64 = Release|x64
		Release|x86 = Release|x86
	EndGlobalSection
	GlobalSection(ProjectConfigurationPlatforms) = postSolution
		{5488B4F9-1462-4AC9-ACA2-32D4C370459F}.Debug|Any CPU.ActiveCfg = Debug|x64
		{5488B4F9-1462-4AC9-ACA2-32D4C370459F}.Debug|Any CPU.Build.0 = Debug|x64
		{5488B4F9-1462-4AC9-ACA2-32D4C370459F}.Debug|Any CPU.Deploy.0 = Debug|x64
		{5488B4F9-1462-4AC9-ACA2-32D4C370459F}.Debug|ARM.ActiveCfg = Debug|ARM
		{5488B4F9-1462-4AC9-ACA2-32D4C370459F}.Debug|ARM.Build.0 = Debug|ARM
		{5488B4F9-1462-4AC9-ACA2-32D4C370459F}.Debug|ARM.Deploy.0 = Debug|ARM
		{5488B4F9-1462-4AC9-ACA2-32D4C370459F}.Debug|iPhone.ActiveCfg = Debug|x64
		{5488B4F9-1462-4AC9-ACA2-32D4C370459F}.Debug|iPhone.Build.0 = Debug|x64
		{5488B4F9-1462-4AC9-ACA2-32D4C370459F}.Debug|iPhone.Deploy.0 = Debug|x64
		{5488B4F9-1462-4AC9-ACA2-32D4C370459F}.Debug|iPhoneSimulator.ActiveCfg = Debug|x64
		{5488B4F9-1462-4AC9-ACA2-32D4C370459F}.Debug|iPhoneSimulator.Build.0 = Debug|x64
		{5488B4F9-1462-4AC9-ACA2-32D4C370459F}.Debug|iPhoneSimulator.Deploy.0 = Debug|x64
		{5488B4F9-1462-4AC9-ACA2-32D4C370459F}.Debug|x64.ActiveCfg = Debug|x64
		{5488B4F9-1462-4AC9-ACA2-32D4C370459F}.Debug|x64.Build.0 = Debug|x64
		{5488B4F9-1462-4AC9-ACA2-32D4C370459F}.Debug|x64.Deploy.0 = Debug|x64
		{5488B4F9-1462-4AC9-ACA2-32D4C370459F}.Debug|x86.ActiveCfg = Debug|x86
		{5488B4F9-1462-4AC9-ACA2-32D4C370459F}.Debug|x86.Build.0 = Debug|x86
		{5488B4F9-1462-4AC9-ACA2-32D4C370459F}.Debug|x86.Deploy.0 = Debug|x86
		{5488B4F9-1462-4AC9-ACA2-32D4C370459F}.Release|Any CPU.ActiveCfg = Release|x64
		{5488B4F9-1462-4AC9-ACA2-32D4C370459F}.Release|Any CPU.Build.0 = Release|x64
		{5488B4F9-1462-4AC9-ACA2-32D4C370459F}.Release|Any CPU.Deploy.0 = Release|x64
		{5488B4F9-1462-4AC9-ACA2-32D4C370459F}.Release|ARM.ActiveCfg = Release|ARM
		{5488B4F9-1462-4AC9-ACA2-32D4C370459F}.Release|ARM.Build.0 = Release|ARM
		{5488B4F9-1462-4AC9-ACA2-32D4C370459F}.Release|ARM.Deploy.0 = Release|ARM
		{5488B4F9-1462-4AC9-ACA2-32D4C370459F}.Release|iPhone.ActiveCfg = Release|x64
		{5488B4F9-1462-4AC9-ACA2-32D4C370459F}.Release|iPhone.Build.0 = Release|x64
		{5488B4F9-1462-4AC9-ACA2-32D4C370459F}.Release|iPhone.Deploy.0 = Release|x64
		{5488B4F9-1462-4AC9-ACA2-32D4C370459F}.Release|iPhoneSimulator.ActiveCfg = Release|x64
		{5488B4F9-1462-4AC9-ACA2-32D4C370459F}.Release|iPhoneSimulator.Build.0 = Release|x64
		{5488B4F9-1462-4AC9-ACA2-32D4C370459F}.Release|iPhoneSimulator.Deploy.0 = Release|x64
		{5488B4F9-1462-4AC9-ACA2-32D4C370459F}.Release|x64.ActiveCfg = Release|x64
		{5488B4F9-1462-4AC9-ACA2-32D4C370459F}.Release|x64.Build.0 = Release|x64
		{5488B4F9-1462-4AC9-ACA2-32D4C370459F}.Release|x64.Deploy.0 = Release|x64
		{5488B4F9-1462-4AC9-ACA2-32D4C370459F}.Release|x86.ActiveCfg = Release|x86
		{5488B4F9-1462-4AC9-ACA2-32D4C370459F}.Release|x86.Build.0 = Release|x86
		{5488B4F9-1462-4AC9-ACA2-32D4C370459F}.Release|x86.Deploy.0 = Release|x86
		{49B3DF56-AEA8-44D3-8F02-D60FFD96ED11}.Debug|Any CPU.ActiveCfg = Debug|Any CPU
		{49B3DF56-AEA8-44D3-8F02-D60FFD96ED11}.Debug|Any CPU.Build.0 = Debug|Any CPU
		{49B3DF56-AEA8-44D3-8F02-D60FFD96ED11}.Debug|Any CPU.Deploy.0 = Debug|Any CPU
		{49B3DF56-AEA8-44D3-8F02-D60FFD96ED11}.Debug|ARM.ActiveCfg = Debug|Any CPU
		{49B3DF56-AEA8-44D3-8F02-D60FFD96ED11}.Debug|ARM.Build.0 = Debug|Any CPU
		{49B3DF56-AEA8-44D3-8F02-D60FFD96ED11}.Debug|ARM.Deploy.0 = Debug|Any CPU
		{49B3DF56-AEA8-44D3-8F02-D60FFD96ED11}.Debug|iPhone.ActiveCfg = Debug|Any CPU
		{49B3DF56-AEA8-44D3-8F02-D60FFD96ED11}.Debug|iPhone.Build.0 = Debug|Any CPU
		{49B3DF56-AEA8-44D3-8F02-D60FFD96ED11}.Debug|iPhone.Deploy.0 = Debug|Any CPU
		{49B3DF56-AEA8-44D3-8F02-D60FFD96ED11}.Debug|iPhoneSimulator.ActiveCfg = Debug|Any CPU
		{49B3DF56-AEA8-44D3-8F02-D60FFD96ED11}.Debug|iPhoneSimulator.Build.0 = Debug|Any CPU
		{49B3DF56-AEA8-44D3-8F02-D60FFD96ED11}.Debug|iPhoneSimulator.Deploy.0 = Debug|Any CPU
		{49B3DF56-AEA8-44D3-8F02-D60FFD96ED11}.Debug|x64.ActiveCfg = Debug|Any CPU
		{49B3DF56-AEA8-44D3-8F02-D60FFD96ED11}.Debug|x64.Build.0 = Debug|Any CPU
		{49B3DF56-AEA8-44D3-8F02-D60FFD96ED11}.Debug|x64.Deploy.0 = Debug|Any CPU
		{49B3DF56-AEA8-44D3-8F02-D60FFD96ED11}.Debug|x86.ActiveCfg = Debug|Any CPU
		{49B3DF56-AEA8-44D3-8F02-D60FFD96ED11}.Debug|x86.Build.0 = Debug|Any CPU
		{49B3DF56-AEA8-44D3-8F02-D60FFD96ED11}.Debug|x86.Deploy.0 = Debug|Any CPU
		{49B3DF56-AEA8-44D3-8F02-D60FFD96ED11}.Release|Any CPU.ActiveCfg = Release|Any CPU
		{49B3DF56-AEA8-44D3-8F02-D60FFD96ED11}.Release|Any CPU.Build.0 = Release|Any CPU
		{49B3DF56-AEA8-44D3-8F02-D60FFD96ED11}.Release|Any CPU.Deploy.0 = Release|Any CPU
		{49B3DF56-AEA8-44D3-8F02-D60FFD96ED11}.Release|ARM.ActiveCfg = Release|Any CPU
		{49B3DF56-AEA8-44D3-8F02-D60FFD96ED11}.Release|ARM.Build.0 = Release|Any CPU
		{49B3DF56-AEA8-44D3-8F02-D60FFD96ED11}.Release|ARM.Deploy.0 = Release|Any CPU
		{49B3DF56-AEA8-44D3-8F02-D60FFD96ED11}.Release|iPhone.ActiveCfg = Release|Any CPU
		{49B3DF56-AEA8-44D3-8F02-D60FFD96ED11}.Release|iPhone.Build.0 = Release|Any CPU
		{49B3DF56-AEA8-44D3-8F02-D60FFD96ED11}.Release|iPhone.Deploy.0 = Release|Any CPU
		{49B3DF56-AEA8-44D3-8F02-D60FFD96ED11}.Release|iPhoneSimulator.ActiveCfg = Release|Any CPU
		{49B3DF56-AEA8-44D3-8F02-D60FFD96ED11}.Release|iPhoneSimulator.Build.0 = Release|Any CPU
		{49B3DF56-AEA8-44D3-8F02-D60FFD96ED11}.Release|iPhoneSimulator.Deploy.0 = Release|Any CPU
		{49B3DF56-AEA8-44D3-8F02-D60FFD96ED11}.Release|x64.ActiveCfg = Release|Any CPU
		{49B3DF56-AEA8-44D3-8F02-D60FFD96ED11}.Release|x64.Build.0 = Release|Any CPU
		{49B3DF56-AEA8-44D3-8F02-D60FFD96ED11}.Release|x64.Deploy.0 = Release|Any CPU
		{49B3DF56-AEA8-44D3-8F02-D60FFD96ED11}.Release|x86.ActiveCfg = Release|Any CPU
		{49B3DF56-AEA8-44D3-8F02-D60FFD96ED11}.Release|x86.Build.0 = Release|Any CPU
		{49B3DF56-AEA8-44D3-8F02-D60FFD96ED11}.Release|x86.Deploy.0 = Release|Any CPU
		{CC228FE1-425A-4D46-914F-65F58BBC52A8}.Debug|Any CPU.ActiveCfg = Debug|iPhoneSimulator
		{CC228FE1-425A-4D46-914F-65F58BBC52A8}.Debug|Any CPU.Build.0 = Debug|iPhoneSimulator
		{CC228FE1-425A-4D46-914F-65F58BBC52A8}.Debug|Any CPU.Deploy.0 = Debug|iPhoneSimulator
		{CC228FE1-425A-4D46-914F-65F58BBC52A8}.Debug|ARM.ActiveCfg = Debug|iPhoneSimulator
		{CC228FE1-425A-4D46-914F-65F58BBC52A8}.Debug|ARM.Build.0 = Debug|iPhoneSimulator
		{CC228FE1-425A-4D46-914F-65F58BBC52A8}.Debug|ARM.Deploy.0 = Debug|iPhoneSimulator
		{CC228FE1-425A-4D46-914F-65F58BBC52A8}.Debug|iPhone.ActiveCfg = Debug|iPhone
		{CC228FE1-425A-4D46-914F-65F58BBC52A8}.Debug|iPhone.Build.0 = Debug|iPhone
		{CC228FE1-425A-4D46-914F-65F58BBC52A8}.Debug|iPhone.Deploy.0 = Debug|iPhone
		{CC228FE1-425A-4D46-914F-65F58BBC52A8}.Debug|iPhoneSimulator.ActiveCfg = Debug|iPhoneSimulator
		{CC228FE1-425A-4D46-914F-65F58BBC52A8}.Debug|iPhoneSimulator.Build.0 = Debug|iPhoneSimulator
		{CC228FE1-425A-4D46-914F-65F58BBC52A8}.Debug|iPhoneSimulator.Deploy.0 = Debug|iPhoneSimulator
		{CC228FE1-425A-4D46-914F-65F58BBC52A8}.Debug|x64.ActiveCfg = Debug|iPhone
		{CC228FE1-425A-4D46-914F-65F58BBC52A8}.Debug|x64.Build.0 = Debug|iPhone
		{CC228FE1-425A-4D46-914F-65F58BBC52A8}.Debug|x64.Deploy.0 = Debug|iPhone
		{CC228FE1-425A-4D46-914F-65F58BBC52A8}.Debug|x86.ActiveCfg = Debug|iPhoneSimulator
		{CC228FE1-425A-4D46-914F-65F58BBC52A8}.Debug|x86.Build.0 = Debug|iPhoneSimulator
		{CC228FE1-425A-4D46-914F-65F58BBC52A8}.Debug|x86.Deploy.0 = Debug|iPhoneSimulator
		{CC228FE1-425A-4D46-914F-65F58BBC52A8}.Release|Any CPU.ActiveCfg = Release|iPhoneSimulator
		{CC228FE1-425A-4D46-914F-65F58BBC52A8}.Release|Any CPU.Build.0 = Release|iPhoneSimulator
		{CC228FE1-425A-4D46-914F-65F58BBC52A8}.Release|Any CPU.Deploy.0 = Release|iPhoneSimulator
		{CC228FE1-425A-4D46-914F-65F58BBC52A8}.Release|ARM.ActiveCfg = Release|iPhoneSimulator
		{CC228FE1-425A-4D46-914F-65F58BBC52A8}.Release|ARM.Build.0 = Release|iPhoneSimulator
		{CC228FE1-425A-4D46-914F-65F58BBC52A8}.Release|ARM.Deploy.0 = Release|iPhoneSimulator
		{CC228FE1-425A-4D46-914F-65F58BBC52A8}.Release|iPhone.ActiveCfg = Release|iPhone
		{CC228FE1-425A-4D46-914F-65F58BBC52A8}.Release|iPhone.Build.0 = Release|iPhone
		{CC228FE1-425A-4D46-914F-65F58BBC52A8}.Release|iPhone.Deploy.0 = Release|iPhone
		{CC228FE1-425A-4D46-914F-65F58BBC52A8}.Release|iPhoneSimulator.ActiveCfg = Release|iPhoneSimulator
		{CC228FE1-425A-4D46-914F-65F58BBC52A8}.Release|iPhoneSimulator.Build.0 = Release|iPhoneSimulator
		{CC228FE1-425A-4D46-914F-65F58BBC52A8}.Release|iPhoneSimulator.Deploy.0 = Release|iPhoneSimulator
		{CC228FE1-425A-4D46-914F-65F58BBC52A8}.Release|x64.ActiveCfg = Release|iPhoneSimulator
		{CC228FE1-425A-4D46-914F-65F58BBC52A8}.Release|x64.Build.0 = Release|iPhoneSimulator
		{CC228FE1-425A-4D46-914F-65F58BBC52A8}.Release|x64.Deploy.0 = Release|iPhoneSimulator
		{CC228FE1-425A-4D46-914F-65F58BBC52A8}.Release|x86.ActiveCfg = Release|iPhoneSimulator
		{CC228FE1-425A-4D46-914F-65F58BBC52A8}.Release|x86.Build.0 = Release|iPhoneSimulator
		{CC228FE1-425A-4D46-914F-65F58BBC52A8}.Release|x86.Deploy.0 = Release|iPhoneSimulator
		{F117584E-E851-4B8E-842F-7E28DFA9CAF3}.Debug|Any CPU.ActiveCfg = Debug|Any CPU
		{F117584E-E851-4B8E-842F-7E28DFA9CAF3}.Debug|Any CPU.Build.0 = Debug|Any CPU
		{F117584E-E851-4B8E-842F-7E28DFA9CAF3}.Debug|Any CPU.Deploy.0 = Debug|Any CPU
		{F117584E-E851-4B8E-842F-7E28DFA9CAF3}.Debug|ARM.ActiveCfg = Debug|Any CPU
		{F117584E-E851-4B8E-842F-7E28DFA9CAF3}.Debug|ARM.Build.0 = Debug|Any CPU
		{F117584E-E851-4B8E-842F-7E28DFA9CAF3}.Debug|ARM.Deploy.0 = Debug|Any CPU
		{F117584E-E851-4B8E-842F-7E28DFA9CAF3}.Debug|iPhone.ActiveCfg = Debug|Any CPU
		{F117584E-E851-4B8E-842F-7E28DFA9CAF3}.Debug|iPhone.Build.0 = Debug|Any CPU
		{F117584E-E851-4B8E-842F-7E28DFA9CAF3}.Debug|iPhone.Deploy.0 = Debug|Any CPU
		{F117584E-E851-4B8E-842F-7E28DFA9CAF3}.Debug|iPhoneSimulator.ActiveCfg = Debug|Any CPU
		{F117584E-E851-4B8E-842F-7E28DFA9CAF3}.Debug|iPhoneSimulator.Build.0 = Debug|Any CPU
		{F117584E-E851-4B8E-842F-7E28DFA9CAF3}.Debug|iPhoneSimulator.Deploy.0 = Debug|Any CPU
		{F117584E-E851-4B8E-842F-7E28DFA9CAF3}.Debug|x64.ActiveCfg = Debug|Any CPU
		{F117584E-E851-4B8E-842F-7E28DFA9CAF3}.Debug|x64.Build.0 = Debug|Any CPU
		{F117584E-E851-4B8E-842F-7E28DFA9CAF3}.Debug|x64.Deploy.0 = Debug|Any CPU
		{F117584E-E851-4B8E-842F-7E28DFA9CAF3}.Debug|x86.ActiveCfg = Debug|Any CPU
		{F117584E-E851-4B8E-842F-7E28DFA9CAF3}.Debug|x86.Build.0 = Debug|Any CPU
		{F117584E-E851-4B8E-842F-7E28DFA9CAF3}.Debug|x86.Deploy.0 = Debug|Any CPU
		{F117584E-E851-4B8E-842F-7E28DFA9CAF3}.Release|Any CPU.ActiveCfg = Release|Any CPU
		{F117584E-E851-4B8E-842F-7E28DFA9CAF3}.Release|Any CPU.Build.0 = Release|Any CPU
		{F117584E-E851-4B8E-842F-7E28DFA9CAF3}.Release|Any CPU.Deploy.0 = Release|Any CPU
		{F117584E-E851-4B8E-842F-7E28DFA9CAF3}.Release|ARM.ActiveCfg = Release|Any CPU
		{F117584E-E851-4B8E-842F-7E28DFA9CAF3}.Release|ARM.Build.0 = Release|Any CPU
		{F117584E-E851-4B8E-842F-7E28DFA9CAF3}.Release|ARM.Deploy.0 = Release|Any CPU
		{F117584E-E851-4B8E-842F-7E28DFA9CAF3}.Release|iPhone.ActiveCfg = Release|Any CPU
		{F117584E-E851-4B8E-842F-7E28DFA9CAF3}.Release|iPhone.Build.0 = Release|Any CPU
		{F117584E-E851-4B8E-842F-7E28DFA9CAF3}.Release|iPhone.Deploy.0 = Release|Any CPU
		{F117584E-E851-4B8E-842F-7E28DFA9CAF3}.Release|iPhoneSimulator.ActiveCfg = Release|Any CPU
		{F117584E-E851-4B8E-842F-7E28DFA9CAF3}.Release|iPhoneSimulator.Build.0 = Release|Any CPU
		{F117584E-E851-4B8E-842F-7E28DFA9CAF3}.Release|iPhoneSimulator.Deploy.0 = Release|Any CPU
		{F117584E-E851-4B8E-842F-7E28DFA9CAF3}.Release|x64.ActiveCfg = Release|Any CPU
		{F117584E-E851-4B8E-842F-7E28DFA9CAF3}.Release|x64.Build.0 = Release|Any CPU
		{F117584E-E851-4B8E-842F-7E28DFA9CAF3}.Release|x64.Deploy.0 = Release|Any CPU
		{F117584E-E851-4B8E-842F-7E28DFA9CAF3}.Release|x86.ActiveCfg = Release|Any CPU
		{F117584E-E851-4B8E-842F-7E28DFA9CAF3}.Release|x86.Build.0 = Release|Any CPU
		{F117584E-E851-4B8E-842F-7E28DFA9CAF3}.Release|x86.Deploy.0 = Release|Any CPU
	EndGlobalSection
	GlobalSection(SolutionProperties) = preSolution
		HideSolutionNode = FALSE
	EndGlobalSection
	GlobalSection(ExtensibilityGlobals) = postSolution
		SolutionGuid = {08FAD816-B810-4660-BC59-5575E9B1077B}
	EndGlobalSection
EndGlobal
